{
  "version": 4,
  "terraform_version": "0.14.7",
  "serial": 39,
  "lineage": "480f6568-90d5-2f76-88e6-ac4f594357f4",
  "outputs": {
    "test-asdfasdf": {
      "value": [
        "165.227.113.145",
        "143.198.1.36",
        "143.198.0.82"
      ],
      "type": [
        "tuple",
        [
          "string",
          "string",
          "string"
        ]
      ]
    }
  },
  "resources": [
    {
      "mode": "managed",
      "type": "digitalocean_droplet",
      "name": "dropletz",
      "provider": "provider[\"registry.terraform.io/digitalocean/digitalocean\"]",
      "instances": [
        {
          "index_key": 0,
          "schema_version": 1,
          "attributes": {
            "backups": false,
            "created_at": "2021-02-18T02:27:59Z",
            "disk": 25,
            "id": "232310907",
            "image": "ubuntu-18-04-x64",
            "ipv4_address": "165.227.113.145",
            "ipv4_address_private": "10.132.0.4",
            "ipv6": false,
            "ipv6_address": "",
            "locked": false,
            "memory": 1024,
            "monitoring": false,
            "name": "test-1",
            "price_hourly": 0.00744,
            "price_monthly": 5,
            "private_networking": true,
            "region": "nyc3",
            "resize_disk": true,
            "size": "s-1vcpu-1gb",
            "ssh_keys": [
              "29638854"
            ],
            "status": "active",
            "tags": null,
            "urn": "do:droplet:232310907",
            "user_data": null,
            "vcpus": 1,
            "volume_ids": [],
            "vpc_uuid": "9bd4501d-dc84-11e8-80bc-3cfdfea9fba1"
          },
          "sensitive_attributes": [],
          "private": "eyJzY2hlbWFfdmVyc2lvbiI6IjEifQ==",
          "dependencies": [
            "digitalocean_ssh_key.my-vpc"
          ]
        },
        {
          "index_key": 1,
          "schema_version": 1,
          "attributes": {
            "backups": false,
            "created_at": "2021-02-18T02:27:39Z",
            "disk": 25,
            "id": "232310882",
            "image": "ubuntu-18-04-x64",
            "ipv4_address": "143.198.1.36",
            "ipv4_address_private": "10.132.0.3",
            "ipv6": false,
            "ipv6_address": "",
            "locked": false,
            "memory": 1024,
            "monitoring": false,
            "name": "test-2",
            "price_hourly": 0.00744,
            "price_monthly": 5,
            "private_networking": true,
            "region": "nyc3",
            "resize_disk": true,
            "size": "s-1vcpu-1gb",
            "ssh_keys": [
              "29638854"
            ],
            "status": "active",
            "tags": null,
            "urn": "do:droplet:232310882",
            "user_data": null,
            "vcpus": 1,
            "volume_ids": [],
            "vpc_uuid": "9bd4501d-dc84-11e8-80bc-3cfdfea9fba1"
          },
          "sensitive_attributes": [],
          "private": "eyJzY2hlbWFfdmVyc2lvbiI6IjEifQ==",
          "dependencies": [
            "digitalocean_ssh_key.my-vpc"
          ]
        },
        {
          "index_key": 2,
          "schema_version": 1,
          "attributes": {
            "backups": false,
            "created_at": "2021-02-18T02:28:14Z",
            "disk": 25,
            "id": "232310938",
            "image": "ubuntu-18-04-x64",
            "ipv4_address": "143.198.0.82",
            "ipv4_address_private": "10.132.0.5",
            "ipv6": false,
            "ipv6_address": "",
            "locked": false,
            "memory": 1024,
            "monitoring": false,
            "name": "test-3",
            "price_hourly": 0.00744,
            "price_monthly": 5,
            "private_networking": true,
            "region": "nyc3",
            "resize_disk": true,
            "size": "s-1vcpu-1gb",
            "ssh_keys": [
              "29638854"
            ],
            "status": "active",
            "tags": null,
            "urn": "do:droplet:232310938",
            "user_data": null,
            "vcpus": 1,
            "volume_ids": [],
            "vpc_uuid": "9bd4501d-dc84-11e8-80bc-3cfdfea9fba1"
          },
          "sensitive_attributes": [],
          "private": "eyJzY2hlbWFfdmVyc2lvbiI6IjEifQ==",
          "dependencies": [
            "digitalocean_ssh_key.my-vpc"
          ]
        }
      ]
    },
    {
      "mode": "managed",
      "type": "digitalocean_firewall",
      "name": "test-1",
      "provider": "provider[\"registry.terraform.io/digitalocean/digitalocean\"]",
      "instances": [
        {
          "schema_version": 0,
          "attributes": {
            "created_at": "2021-02-18T02:29:17Z",
            "droplet_ids": [
              232310882,
              232310907,
              232310938
            ],
            "id": "6e6aeaca-38b4-43d7-be87-7a3b7aa44b1f",
            "inbound_rule": [
              {
                "port_range": "",
                "protocol": "icmp",
                "source_addresses": [
                  "72.239.120.126/32"
                ],
                "source_droplet_ids": [],
                "source_load_balancer_uids": [],
                "source_tags": []
              },
              {
                "port_range": "22",
                "protocol": "tcp",
                "source_addresses": [
                  "72.239.120.126/32"
                ],
                "source_droplet_ids": [],
                "source_load_balancer_uids": [],
                "source_tags": []
              }
            ],
            "name": "test-1",
            "outbound_rule": [],
            "pending_changes": [
              {
                "droplet_id": 232310882,
                "removing": false,
                "status": "waiting"
              },
              {
                "droplet_id": 232310907,
                "removing": false,
                "status": "waiting"
              },
              {
                "droplet_id": 232310938,
                "removing": false,
                "status": "waiting"
              }
            ],
            "status": "waiting",
            "tags": null
          },
          "sensitive_attributes": [],
          "private": "bnVsbA==",
          "dependencies": [
            "digitalocean_droplet.dropletz",
            "digitalocean_ssh_key.my-vpc"
          ]
        }
      ]
    },
    {
      "mode": "managed",
      "type": "digitalocean_ssh_key",
      "name": "my-vpc",
      "provider": "provider[\"registry.terraform.io/digitalocean/digitalocean\"]",
      "instances": [
        {
          "schema_version": 0,
          "attributes": {
            "fingerprint": "7e:73:6f:4a:ab:fe:52:59:e9:55:c8:d7:0f:7a:72:04",
            "id": "29638854",
            "name": "test-1",
            "public_key": "ssh-ed25519 AAAAC3NzaC1lZDI1NTE5AAAAIGYncO32IB2Rpysexlpcv/BSdWVR5snQtwFJgqSPNrrw chloe@earth"
          },
          "sensitive_attributes": [],
          "private": "bnVsbA=="
        }
      ]
    }
  ]
}
